
Microsoft Visual Studio Solution File, Format Version 12.00
# Visual Studio Version 17
VisualStudioVersion = 17.3.32929.385
MinimumVisualStudioVersion = 10.0.40219.1
Project("{FAE04EC0-301F-11D3-BF4B-00C04F79EFBC}") = "Registrator", "Kassa\Registrator.csproj", "{DE2CE6A8-4BB5-4128-9B76-1D361E759D4C}"
EndProject
Project("{54435603-DBB4-11D2-8724-00A0C9A8B90C}") = "Setup_Registrator", "Setup_Registrator\Setup_Registrator.vdproj", "{26A1CF5A-7589-43C1-BE36-504B63180B6F}"
EndProject
Global
	GlobalSection(SolutionConfigurationPlatforms) = preSolution
		Debug|Any CPU = Debug|Any CPU
		Release|Any CPU = Release|Any CPU
	EndGlobalSection
	GlobalSection(ProjectConfigurationPlatforms) = postSolution
		{DE2CE6A8-4BB5-4128-9B76-1D361E759D4C}.Debug|Any CPU.ActiveCfg = Debug|Any CPU
		{DE2CE6A8-4BB5-4128-9B76-1D361E759D4C}.Debug|Any CPU.Build.0 = Debug|Any CPU
		{DE2CE6A8-4BB5-4128-9B76-1D361E759D4C}.Release|Any CPU.ActiveCfg = Release|Any CPU
		{DE2CE6A8-4BB5-4128-9B76-1D361E759D4C}.Release|Any CPU.Build.0 = Release|Any CPU
		{26A1CF5A-7589-43C1-BE36-504B63180B6F}.Debug|Any CPU.ActiveCfg = Debug
		{26A1CF5A-7589-43C1-BE36-504B63180B6F}.Release|Any CPU.ActiveCfg = Release
	EndGlobalSection
	GlobalSection(SolutionProperties) = preSolution
		HideSolutionNode = FALSE
	EndGlobalSection
	GlobalSection(ExtensibilityGlobals) = postSolution
		SolutionGuid = {66035597-5C8B-44F3-B920-CE1993EAAD26}
	EndGlobalSection
EndGlobal
